
Microsoft Visual Studio Solution File, Format Version 12.00
# Visual Studio 14
VisualStudioVersion = 14.0.25420.1
MinimumVisualStudioVersion = 10.0.40219.1
Project("{FAE04EC0-301F-11D3-BF4B-00C04F79EFBC}") = "ServerChat", "ServerChat\ServerChat.csproj", "{30E5E079-21E8-4E4E-B88C-AEF98C3F78A3}"
EndProject
Project("{D954291E-2A0B-460D-934E-DC6B0785DB48}") = "ChatPackets", "..\ChatPackets\ChatPackets\ChatPackets.shproj", "{B0FDD91E-326D-4E60-B230-2C96EEC2D3D8}"
EndProject
Global
	GlobalSection(SharedMSBuildProjectFiles) = preSolution
		..\ChatPackets\ChatPackets\ChatPackets.projitems*{30e5e079-21e8-4e4e-b88c-aef98c3f78a3}*SharedItemsImports = 4
		..\ChatPackets\ChatPackets\ChatPackets.projitems*{b0fdd91e-326d-4e60-b230-2c96eec2d3d8}*SharedItemsImports = 13
	EndGlobalSection
	GlobalSection(SolutionConfigurationPlatforms) = preSolution
		Debug|Any CPU = Debug|Any CPU
		Release|Any CPU = Release|Any CPU
	EndGlobalSection
	GlobalSection(ProjectConfigurationPlatforms) = postSolution
		{30E5E079-21E8-4E4E-B88C-AEF98C3F78A3}.Debug|Any CPU.ActiveCfg = Debug|Any CPU
		{30E5E079-21E8-4E4E-B88C-AEF98C3F78A3}.Debug|Any CPU.Build.0 = Debug|Any CPU
		{30E5E079-21E8-4E4E-B88C-AEF98C3F78A3}.Release|Any CPU.ActiveCfg = Release|Any CPU
		{30E5E079-21E8-4E4E-B88C-AEF98C3F78A3}.Release|Any CPU.Build.0 = Release|Any CPU
	EndGlobalSection
	GlobalSection(SolutionProperties) = preSolution
		HideSolutionNode = FALSE
	EndGlobalSection
EndGlobal
